
Microsoft Visual Studio Solution File, Format Version 12.00
# Visual Studio Version 16
VisualStudioVersion = 16.0.30503.244
MinimumVisualStudioVersion = 10.0.40219.1
Project("{FAE04EC0-301F-11D3-BF4B-00C04F79EFBC}") = "WpfTestData", "WpfTestData\WpfTestData.csproj", "{6DBA368F-AB7C-4C18-8BB6-03B994F36CE1}"
EndProject
Project("{FAE04EC0-301F-11D3-BF4B-00C04F79EFBC}") = "DataAPI", "DataAPI\DataAPI.csproj", "{4D39A4FB-A0C2-4051-A4BD-CFAB53BF8D0D}"
EndProject
Global
	GlobalSection(SolutionConfigurationPlatforms) = preSolution
		Debug|Any CPU = Debug|Any CPU
		Release|Any CPU = Release|Any CPU
	EndGlobalSection
	GlobalSection(ProjectConfigurationPlatforms) = postSolution
		{6DBA368F-AB7C-4C18-8BB6-03B994F36CE1}.Debug|Any CPU.ActiveCfg = Debug|Any CPU
		{6DBA368F-AB7C-4C18-8BB6-03B994F36CE1}.Debug|Any CPU.Build.0 = Debug|Any CPU
		{6DBA368F-AB7C-4C18-8BB6-03B994F36CE1}.Release|Any CPU.ActiveCfg = Release|Any CPU
		{6DBA368F-AB7C-4C18-8BB6-03B994F36CE1}.Release|Any CPU.Build.0 = Release|Any CPU
		{4D39A4FB-A0C2-4051-A4BD-CFAB53BF8D0D}.Debug|Any CPU.ActiveCfg = Debug|Any CPU
		{4D39A4FB-A0C2-4051-A4BD-CFAB53BF8D0D}.Debug|Any CPU.Build.0 = Debug|Any CPU
		{4D39A4FB-A0C2-4051-A4BD-CFAB53BF8D0D}.Release|Any CPU.ActiveCfg = Release|Any CPU
		{4D39A4FB-A0C2-4051-A4BD-CFAB53BF8D0D}.Release|Any CPU.Build.0 = Release|Any CPU
	EndGlobalSection
	GlobalSection(SolutionProperties) = preSolution
		HideSolutionNode = FALSE
	EndGlobalSection
	GlobalSection(ExtensibilityGlobals) = postSolution
		SolutionGuid = {AC31417C-883B-43BA-B05B-CF8FDB76DC2B}
	EndGlobalSection
EndGlobal
